// !$*UTF8*$!
{
	archiveVersion = 1;
	classes = {
	};
	objectVersion = 56;
	objects = {

/* Begin PBXBuildFile section */
		B33F832C2CE63DA200D33A0D /* AnshinNaviApp.swift in Sources */ = {isa = PBXBuildFile; fileRef = B33F832B2CE63DA200D33A0D /* AnshinNaviApp.swift */; };
		B33F83322CE63DA300D33A0D /* Assets.xcassets in Resources */ = {isa = PBXBuildFile; fileRef = B33F83312CE63DA300D33A0D /* Assets.xcassets */; };
		B33F83352CE63DA300D33A0D /* Preview Assets.xcassets in Resources */ = {isa = PBXBuildFile; fileRef = B33F83342CE63DA300D33A0D /* Preview Assets.xcassets */; };
		B33F833F2CE63DA300D33A0D /* AnshinNaviTests.swift in Sources */ = {isa = PBXBuildFile; fileRef = B33F833E2CE63DA300D33A0D /* AnshinNaviTests.swift */; };
		B33F83492CE63DA300D33A0D /* AnshinNaviUITests.swift in Sources */ = {isa = PBXBuildFile; fileRef = B33F83482CE63DA300D33A0D /* AnshinNaviUITests.swift */; };
		B33F834B2CE63DA300D33A0D /* AnshinNaviUITestsLaunchTests.swift in Sources */ = {isa = PBXBuildFile; fileRef = B33F834A2CE63DA300D33A0D /* AnshinNaviUITestsLaunchTests.swift */; };
		B33F83592CE63DD300D33A0D /* MapContainerView.swift in Sources */ = {isa = PBXBuildFile; fileRef = B33F83582CE63DD300D33A0D /* MapContainerView.swift */; };
		B33F835C2CE63E1500D33A0D /* MapViewModel.swift in Sources */ = {isa = PBXBuildFile; fileRef = B33F835B2CE63E1500D33A0D /* MapViewModel.swift */; };
		B33F835F2CE63E4A00D33A0D /* Shelter.swift in Sources */ = {isa = PBXBuildFile; fileRef = B33F835E2CE63E4A00D33A0D /* Shelter.swift */; };
		B33F83622CE63E6B00D33A0D /* Constants.swift in Sources */ = {isa = PBXBuildFile; fileRef = B33F83612CE63E6B00D33A0D /* Constants.swift */; };
		B34A2C9F2CE7678800F6ABF0 /* shelters.json in Resources */ = {isa = PBXBuildFile; fileRef = B34A2C9E2CE7678800F6ABF0 /* shelters.json */; };
		B366C1E82CE7B3A80063E659 /* ShelterViewModel.swift in Sources */ = {isa = PBXBuildFile; fileRef = B366C1E72CE7B3A80063E659 /* ShelterViewModel.swift */; };
		B366C1EA2CE7B3B50063E659 /* ShelterView.swift in Sources */ = {isa = PBXBuildFile; fileRef = B366C1E92CE7B3B50063E659 /* ShelterView.swift */; };
		B3C01EF42CE8E22B00FB6E82 /* MainBottomDrawerView.swift in Sources */ = {isa = PBXBuildFile; fileRef = B3C01EF32CE8E22B00FB6E82 /* MainBottomDrawerView.swift */; };
		B3C01EF62CE984D600FB6E82 /* FilterDrawerView.swift in Sources */ = {isa = PBXBuildFile; fileRef = B3C01EF52CE984D600FB6E82 /* FilterDrawerView.swift */; };
		B3C01EFC2CEA301B00FB6E82 /* CurrentSheet.swift in Sources */ = {isa = PBXBuildFile; fileRef = B3C01EFB2CEA301B00FB6E82 /* CurrentSheet.swift */; };
		B3C01EFE2CEA320A00FB6E82 /* SettingDrawerView.swift in Sources */ = {isa = PBXBuildFile; fileRef = B3C01EFD2CEA320A00FB6E82 /* SettingDrawerView.swift */; };
		B3C01F002CEA632400FB6E82 /* CurrentAnnotation.swift in Sources */ = {isa = PBXBuildFile; fileRef = B3C01EFF2CEA632400FB6E82 /* CurrentAnnotation.swift */; };
		B3C01F032CEB36D100FB6E82 /* NetworkReachability.swift in Sources */ = {isa = PBXBuildFile; fileRef = B3C01F022CEB36D100FB6E82 /* NetworkReachability.swift */; };
		B3C01F052CEB691F00FB6E82 /* DynamicSizeRelated.swift in Sources */ = {isa = PBXBuildFile; fileRef = B3C01F042CEB691F00FB6E82 /* DynamicSizeRelated.swift */; };
		B3D664F42CE85AC700B549DA /* MapRightSideView.swift in Sources */ = {isa = PBXBuildFile; fileRef = B3D664F32CE85AC700B549DA /* MapRightSideView.swift */; };
		B3D665112CE88C6300B549DA /* DetailedShelterView.swift in Sources */ = {isa = PBXBuildFile; fileRef = B3D665102CE88C6300B549DA /* DetailedShelterView.swift */; };
		B3D665132CE890B800B549DA /* MapView.swift in Sources */ = {isa = PBXBuildFile; fileRef = B3D665122CE890B800B549DA /* MapView.swift */; };
/* End PBXBuildFile section */

/* Begin PBXContainerItemProxy section */
		B33F833B2CE63DA300D33A0D /* PBXContainerItemProxy */ = {
			isa = PBXContainerItemProxy;
			containerPortal = B33F83202CE63DA200D33A0D /* Project object */;
			proxyType = 1;
			remoteGlobalIDString = B33F83272CE63DA200D33A0D;
			remoteInfo = AnshinNavi;
		};
		B33F83452CE63DA300D33A0D /* PBXContainerItemProxy */ = {
			isa = PBXContainerItemProxy;
			containerPortal = B33F83202CE63DA200D33A0D /* Project object */;
			proxyType = 1;
			remoteGlobalIDString = B33F83272CE63DA200D33A0D;
			remoteInfo = AnshinNavi;
		};
/* End PBXContainerItemProxy section */

/* Begin PBXFileReference section */
		B33F83282CE63DA200D33A0D /* AnshinNavi.app */ = {isa = PBXFileReference; explicitFileType = wrapper.application; includeInIndex = 0; path = AnshinNavi.app; sourceTree = BUILT_PRODUCTS_DIR; };
		B33F832B2CE63DA200D33A0D /* AnshinNaviApp.swift */ = {isa = PBXFileReference; lastKnownFileType = sourcecode.swift; path = AnshinNaviApp.swift; sourceTree = "<group>"; };
		B33F83312CE63DA300D33A0D /* Assets.xcassets */ = {isa = PBXFileReference; lastKnownFileType = folder.assetcatalog; path = Assets.xcassets; sourceTree = "<group>"; };
		B33F83342CE63DA300D33A0D /* Preview Assets.xcassets */ = {isa = PBXFileReference; lastKnownFileType = folder.assetcatalog; path = "Preview Assets.xcassets"; sourceTree = "<group>"; };
		B33F833A2CE63DA300D33A0D /* AnshinNaviTests.xctest */ = {isa = PBXFileReference; explicitFileType = wrapper.cfbundle; includeInIndex = 0; path = AnshinNaviTests.xctest; sourceTree = BUILT_PRODUCTS_DIR; };
		B33F833E2CE63DA300D33A0D /* AnshinNaviTests.swift */ = {isa = PBXFileReference; lastKnownFileType = sourcecode.swift; path = AnshinNaviTests.swift; sourceTree = "<group>"; };
		B33F83442CE63DA300D33A0D /* AnshinNaviUITests.xctest */ = {isa = PBXFileReference; explicitFileType = wrapper.cfbundle; includeInIndex = 0; path = AnshinNaviUITests.xctest; sourceTree = BUILT_PRODUCTS_DIR; };
		B33F83482CE63DA300D33A0D /* AnshinNaviUITests.swift */ = {isa = PBXFileReference; lastKnownFileType = sourcecode.swift; path = AnshinNaviUITests.swift; sourceTree = "<group>"; };
		B33F834A2CE63DA300D33A0D /* AnshinNaviUITestsLaunchTests.swift */ = {isa = PBXFileReference; lastKnownFileType = sourcecode.swift; path = AnshinNaviUITestsLaunchTests.swift; sourceTree = "<group>"; };
		B33F83582CE63DD300D33A0D /* MapContainerView.swift */ = {isa = PBXFileReference; lastKnownFileType = sourcecode.swift; path = MapContainerView.swift; sourceTree = "<group>"; };
		B33F835B2CE63E1500D33A0D /* MapViewModel.swift */ = {isa = PBXFileReference; lastKnownFileType = sourcecode.swift; path = MapViewModel.swift; sourceTree = "<group>"; };
		B33F835E2CE63E4A00D33A0D /* Shelter.swift */ = {isa = PBXFileReference; lastKnownFileType = sourcecode.swift; path = Shelter.swift; sourceTree = "<group>"; };
		B33F83612CE63E6B00D33A0D /* Constants.swift */ = {isa = PBXFileReference; lastKnownFileType = sourcecode.swift; path = Constants.swift; sourceTree = "<group>"; };
		B33F83632CE6434C00D33A0D /* Info.plist */ = {isa = PBXFileReference; lastKnownFileType = text.plist; path = Info.plist; sourceTree = "<group>"; };
		B34A2C9E2CE7678800F6ABF0 /* shelters.json */ = {isa = PBXFileReference; fileEncoding = 4; lastKnownFileType = text.json; path = shelters.json; sourceTree = "<group>"; };
		B366C1E72CE7B3A80063E659 /* ShelterViewModel.swift */ = {isa = PBXFileReference; lastKnownFileType = sourcecode.swift; path = ShelterViewModel.swift; sourceTree = "<group>"; };
		B366C1E92CE7B3B50063E659 /* ShelterView.swift */ = {isa = PBXFileReference; lastKnownFileType = sourcecode.swift; path = ShelterView.swift; sourceTree = "<group>"; };
		B3C01EF32CE8E22B00FB6E82 /* MainBottomDrawerView.swift */ = {isa = PBXFileReference; lastKnownFileType = sourcecode.swift; path = MainBottomDrawerView.swift; sourceTree = "<group>"; };
		B3C01EF52CE984D600FB6E82 /* FilterDrawerView.swift */ = {isa = PBXFileReference; lastKnownFileType = sourcecode.swift; path = FilterDrawerView.swift; sourceTree = "<group>"; };
		B3C01EFB2CEA301B00FB6E82 /* CurrentSheet.swift */ = {isa = PBXFileReference; lastKnownFileType = sourcecode.swift; path = CurrentSheet.swift; sourceTree = "<group>"; };
		B3C01EFD2CEA320A00FB6E82 /* SettingDrawerView.swift */ = {isa = PBXFileReference; lastKnownFileType = sourcecode.swift; path = SettingDrawerView.swift; sourceTree = "<group>"; };
		B3C01EFF2CEA632400FB6E82 /* CurrentAnnotation.swift */ = {isa = PBXFileReference; lastKnownFileType = sourcecode.swift; path = CurrentAnnotation.swift; sourceTree = "<group>"; };
		B3C01F022CEB36D100FB6E82 /* NetworkReachability.swift */ = {isa = PBXFileReference; lastKnownFileType = sourcecode.swift; path = NetworkReachability.swift; sourceTree = "<group>"; };
		B3C01F042CEB691F00FB6E82 /* DynamicSizeRelated.swift */ = {isa = PBXFileReference; lastKnownFileType = sourcecode.swift; path = DynamicSizeRelated.swift; sourceTree = "<group>"; };
		B3D664F32CE85AC700B549DA /* MapRightSideView.swift */ = {isa = PBXFileReference; lastKnownFileType = sourcecode.swift; path = MapRightSideView.swift; sourceTree = "<group>"; };
		B3D665102CE88C6300B549DA /* DetailedShelterView.swift */ = {isa = PBXFileReference; lastKnownFileType = sourcecode.swift; path = DetailedShelterView.swift; sourceTree = "<group>"; };
		B3D665122CE890B800B549DA /* MapView.swift */ = {isa = PBXFileReference; lastKnownFileType = sourcecode.swift; path = MapView.swift; sourceTree = "<group>"; };
/* End PBXFileReference section */

/* Begin PBXFrameworksBuildPhase section */
		B33F83252CE63DA200D33A0D /* Frameworks */ = {
			isa = PBXFrameworksBuildPhase;
			buildActionMask = 2147483647;
			files = (
			);
			runOnlyForDeploymentPostprocessing = 0;
		};
		B33F83372CE63DA300D33A0D /* Frameworks */ = {
			isa = PBXFrameworksBuildPhase;
			buildActionMask = 2147483647;
			files = (
			);
			runOnlyForDeploymentPostprocessing = 0;
		};
		B33F83412CE63DA300D33A0D /* Frameworks */ = {
			isa = PBXFrameworksBuildPhase;
			buildActionMask = 2147483647;
			files = (
			);
			runOnlyForDeploymentPostprocessing = 0;
		};
/* End PBXFrameworksBuildPhase section */

/* Begin PBXGroup section */
		B33F831F2CE63DA200D33A0D = {
			isa = PBXGroup;
			children = (
				B33F832A2CE63DA200D33A0D /* AnshinNavi */,
				B33F833D2CE63DA300D33A0D /* AnshinNaviTests */,
				B33F83472CE63DA300D33A0D /* AnshinNaviUITests */,
				B33F83292CE63DA200D33A0D /* Products */,
			);
			sourceTree = "<group>";
		};
		B33F83292CE63DA200D33A0D /* Products */ = {
			isa = PBXGroup;
			children = (
				B33F83282CE63DA200D33A0D /* AnshinNavi.app */,
				B33F833A2CE63DA300D33A0D /* AnshinNaviTests.xctest */,
				B33F83442CE63DA300D33A0D /* AnshinNaviUITests.xctest */,
			);
			name = Products;
			sourceTree = "<group>";
		};
		B33F832A2CE63DA200D33A0D /* AnshinNavi */ = {
			isa = PBXGroup;
			children = (
				B3C01F012CEB36C300FB6E82 /* Tools */,
				B3B569452CE756180073C38A /* Datas */,
				B33F83632CE6434C00D33A0D /* Info.plist */,
				B33F83602CE63E5B00D33A0D /* Constants */,
				B33F835D2CE63E3A00D33A0D /* Models */,
				B33F835A2CE63E0000D33A0D /* ViewModels */,
				B33F83572CE63DB900D33A0D /* Views */,
				B33F832B2CE63DA200D33A0D /* AnshinNaviApp.swift */,
				B33F83312CE63DA300D33A0D /* Assets.xcassets */,
				B33F83332CE63DA300D33A0D /* Preview Content */,
			);
			path = AnshinNavi;
			sourceTree = "<group>";
		};
		B33F83332CE63DA300D33A0D /* Preview Content */ = {
			isa = PBXGroup;
			children = (
				B33F83342CE63DA300D33A0D /* Preview Assets.xcassets */,
			);
			path = "Preview Content";
			sourceTree = "<group>";
		};
		B33F833D2CE63DA300D33A0D /* AnshinNaviTests */ = {
			isa = PBXGroup;
			children = (
				B33F833E2CE63DA300D33A0D /* AnshinNaviTests.swift */,
			);
			path = AnshinNaviTests;
			sourceTree = "<group>";
		};
		B33F83472CE63DA300D33A0D /* AnshinNaviUITests */ = {
			isa = PBXGroup;
			children = (
				B33F83482CE63DA300D33A0D /* AnshinNaviUITests.swift */,
				B33F834A2CE63DA300D33A0D /* AnshinNaviUITestsLaunchTests.swift */,
			);
			path = AnshinNaviUITests;
			sourceTree = "<group>";
		};
		B33F83572CE63DB900D33A0D /* Views */ = {
			isa = PBXGroup;
			children = (
				B3D664F32CE85AC700B549DA /* MapRightSideView.swift */,
				B3C01EF52CE984D600FB6E82 /* FilterDrawerView.swift */,
				B3C01EF32CE8E22B00FB6E82 /* MainBottomDrawerView.swift */,
				B3D665102CE88C6300B549DA /* DetailedShelterView.swift */,
				B3C01EFD2CEA320A00FB6E82 /* SettingDrawerView.swift */,
				B3D665122CE890B800B549DA /* MapView.swift */,
				B33F83582CE63DD300D33A0D /* MapContainerView.swift */,
				B366C1E92CE7B3B50063E659 /* ShelterView.swift */,
			);
			path = Views;
			sourceTree = "<group>";
		};
		B33F835A2CE63E0000D33A0D /* ViewModels */ = {
			isa = PBXGroup;
			children = (
				B33F835B2CE63E1500D33A0D /* MapViewModel.swift */,
				B366C1E72CE7B3A80063E659 /* ShelterViewModel.swift */,
			);
			path = ViewModels;
			sourceTree = "<group>";
		};
		B33F835D2CE63E3A00D33A0D /* Models */ = {
			isa = PBXGroup;
			children = (
				B33F835E2CE63E4A00D33A0D /* Shelter.swift */,
				B3C01EFF2CEA632400FB6E82 /* CurrentAnnotation.swift */,
				B3C01EFB2CEA301B00FB6E82 /* CurrentSheet.swift */,
			);
			path = Models;
			sourceTree = "<group>";
		};
		B33F83602CE63E5B00D33A0D /* Constants */ = {
			isa = PBXGroup;
			children = (
				B33F83612CE63E6B00D33A0D /* Constants.swift */,
			);
			path = Constants;
			sourceTree = "<group>";
		};
		B3B569452CE756180073C38A /* Datas */ = {
			isa = PBXGroup;
			children = (
				B34A2C9E2CE7678800F6ABF0 /* shelters.json */,
			);
			path = Datas;
			sourceTree = "<group>";
		};
		B3C01F012CEB36C300FB6E82 /* Tools */ = {
			isa = PBXGroup;
			children = (
				B3C01F022CEB36D100FB6E82 /* NetworkReachability.swift */,
				B3C01F042CEB691F00FB6E82 /* DynamicSizeRelated.swift */,
			);
			path = Tools;
			sourceTree = "<group>";
		};
/* End PBXGroup section */

/* Begin PBXNativeTarget section */
		B33F83272CE63DA200D33A0D /* AnshinNavi */ = {
			isa = PBXNativeTarget;
			buildConfigurationList = B33F834E2CE63DA300D33A0D /* Build configuration list for PBXNativeTarget "AnshinNavi" */;
			buildPhases = (
				B33F83242CE63DA200D33A0D /* Sources */,
				B33F83252CE63DA200D33A0D /* Frameworks */,
				B33F83262CE63DA200D33A0D /* Resources */,
			);
			buildRules = (
			);
			dependencies = (
			);
			name = AnshinNavi;
			productName = AnshinNavi;
			productReference = B33F83282CE63DA200D33A0D /* AnshinNavi.app */;
			productType = "com.apple.product-type.application";
		};
		B33F83392CE63DA300D33A0D /* AnshinNaviTests */ = {
			isa = PBXNativeTarget;
			buildConfigurationList = B33F83512CE63DA300D33A0D /* Build configuration list for PBXNativeTarget "AnshinNaviTests" */;
			buildPhases = (
				B33F83362CE63DA300D33A0D /* Sources */,
				B33F83372CE63DA300D33A0D /* Frameworks */,
				B33F83382CE63DA300D33A0D /* Resources */,
			);
			buildRules = (
			);
			dependencies = (
				B33F833C2CE63DA300D33A0D /* PBXTargetDependency */,
			);
			name = AnshinNaviTests;
			productName = AnshinNaviTests;
			productReference = B33F833A2CE63DA300D33A0D /* AnshinNaviTests.xctest */;
			productType = "com.apple.product-type.bundle.unit-test";
		};
		B33F83432CE63DA300D33A0D /* AnshinNaviUITests */ = {
			isa = PBXNativeTarget;
			buildConfigurationList = B33F83542CE63DA300D33A0D /* Build configuration list for PBXNativeTarget "AnshinNaviUITests" */;
			buildPhases = (
				B33F83402CE63DA300D33A0D /* Sources */,
				B33F83412CE63DA300D33A0D /* Frameworks */,
				B33F83422CE63DA300D33A0D /* Resources */,
			);
			buildRules = (
			);
			dependencies = (
				B33F83462CE63DA300D33A0D /* PBXTargetDependency */,
			);
			name = AnshinNaviUITests;
			productName = AnshinNaviUITests;
			productReference = B33F83442CE63DA300D33A0D /* AnshinNaviUITests.xctest */;
			productType = "com.apple.product-type.bundle.ui-testing";
		};
/* End PBXNativeTarget section */

/* Begin PBXProject section */
		B33F83202CE63DA200D33A0D /* Project object */ = {
			isa = PBXProject;
			attributes = {
				BuildIndependentTargetsInParallel = 1;
				LastSwiftUpdateCheck = 1540;
				LastUpgradeCheck = 1540;
				TargetAttributes = {
					B33F83272CE63DA200D33A0D = {
						CreatedOnToolsVersion = 15.4;
					};
					B33F83392CE63DA300D33A0D = {
						CreatedOnToolsVersion = 15.4;
						TestTargetID = B33F83272CE63DA200D33A0D;
					};
					B33F83432CE63DA300D33A0D = {
						CreatedOnToolsVersion = 15.4;
						TestTargetID = B33F83272CE63DA200D33A0D;
					};
				};
			};
			buildConfigurationList = B33F83232CE63DA200D33A0D /* Build configuration list for PBXProject "AnshinNavi" */;
			compatibilityVersion = "Xcode 14.0";
			developmentRegion = en;
			hasScannedForEncodings = 0;
			knownRegions = (
				en,
				Base,
			);
			mainGroup = B33F831F2CE63DA200D33A0D;
			productRefGroup = B33F83292CE63DA200D33A0D /* Products */;
			projectDirPath = "";
			projectRoot = "";
			targets = (
				B33F83272CE63DA200D33A0D /* AnshinNavi */,
				B33F83392CE63DA300D33A0D /* AnshinNaviTests */,
				B33F83432CE63DA300D33A0D /* AnshinNaviUITests */,
			);
		};
/* End PBXProject section */

/* Begin PBXResourcesBuildPhase section */
		B33F83262CE63DA200D33A0D /* Resources */ = {
			isa = PBXResourcesBuildPhase;
			buildActionMask = 2147483647;
			files = (
				B34A2C9F2CE7678800F6ABF0 /* shelters.json in Resources */,
				B33F83352CE63DA300D33A0D /* Preview Assets.xcassets in Resources */,
				B33F83322CE63DA300D33A0D /* Assets.xcassets in Resources */,
			);
			runOnlyForDeploymentPostprocessing = 0;
		};
		B33F83382CE63DA300D33A0D /* Resources */ = {
			isa = PBXResourcesBuildPhase;
			buildActionMask = 2147483647;
			files = (
			);
			runOnlyForDeploymentPostprocessing = 0;
		};
		B33F83422CE63DA300D33A0D /* Resources */ = {
			isa = PBXResourcesBuildPhase;
			buildActionMask = 2147483647;
			files = (
			);
			runOnlyForDeploymentPostprocessing = 0;
		};
/* End PBXResourcesBuildPhase section */

/* Begin PBXSourcesBuildPhase section */
		B33F83242CE63DA200D33A0D /* Sources */ = {
			isa = PBXSourcesBuildPhase;
			buildActionMask = 2147483647;
			files = (
				B366C1E82CE7B3A80063E659 /* ShelterViewModel.swift in Sources */,
				B33F835F2CE63E4A00D33A0D /* Shelter.swift in Sources */,
				B33F835C2CE63E1500D33A0D /* MapViewModel.swift in Sources */,
				B33F83592CE63DD300D33A0D /* MapContainerView.swift in Sources */,
				B3C01EFE2CEA320A00FB6E82 /* SettingDrawerView.swift in Sources */,
				B33F83622CE63E6B00D33A0D /* Constants.swift in Sources */,
				B3D664F42CE85AC700B549DA /* MapRightSideView.swift in Sources */,
				B3C01EFC2CEA301B00FB6E82 /* CurrentSheet.swift in Sources */,
				B3C01F002CEA632400FB6E82 /* CurrentAnnotation.swift in Sources */,
				B3D665112CE88C6300B549DA /* DetailedShelterView.swift in Sources */,
				B3C01EF62CE984D600FB6E82 /* FilterDrawerView.swift in Sources */,
				B3D665132CE890B800B549DA /* MapView.swift in Sources */,
				B3C01EF42CE8E22B00FB6E82 /* MainBottomDrawerView.swift in Sources */,
				B3C01F052CEB691F00FB6E82 /* DynamicSizeRelated.swift in Sources */,
				B33F832C2CE63DA200D33A0D /* AnshinNaviApp.swift in Sources */,
				B366C1EA2CE7B3B50063E659 /* ShelterView.swift in Sources */,
				B3C01F032CEB36D100FB6E82 /* NetworkReachability.swift in Sources */,
			);
			runOnlyForDeploymentPostprocessing = 0;
		};
		B33F83362CE63DA300D33A0D /* Sources */ = {
			isa = PBXSourcesBuildPhase;
			buildActionMask = 2147483647;
			files = (
				B33F833F2CE63DA300D33A0D /* AnshinNaviTests.swift in Sources */,
			);
			runOnlyForDeploymentPostprocessing = 0;
		};
		B33F83402CE63DA300D33A0D /* Sources */ = {
			isa = PBXSourcesBuildPhase;
			buildActionMask = 2147483647;
			files = (
				B33F83492CE63DA300D33A0D /* AnshinNaviUITests.swift in Sources */,
				B33F834B2CE63DA300D33A0D /* AnshinNaviUITestsLaunchTests.swift in Sources */,
			);
			runOnlyForDeploymentPostprocessing = 0;
		};
/* End PBXSourcesBuildPhase section */

/* Begin PBXTargetDependency section */
		B33F833C2CE63DA300D33A0D /* PBXTargetDependency */ = {
			isa = PBXTargetDependency;
			target = B33F83272CE63DA200D33A0D /* AnshinNavi */;
			targetProxy = B33F833B2CE63DA300D33A0D /* PBXContainerItemProxy */;
		};
		B33F83462CE63DA300D33A0D /* PBXTargetDependency */ = {
			isa = PBXTargetDependency;
			target = B33F83272CE63DA200D33A0D /* AnshinNavi */;
			targetProxy = B33F83452CE63DA300D33A0D /* PBXContainerItemProxy */;
		};
/* End PBXTargetDependency section */

/* Begin XCBuildConfiguration section */
		B33F834C2CE63DA300D33A0D /* Debug */ = {
			isa = XCBuildConfiguration;
			buildSettings = {
				ALWAYS_SEARCH_USER_PATHS = NO;
				ASSETCATALOG_COMPILER_GENERATE_SWIFT_ASSET_SYMBOL_EXTENSIONS = YES;
				CLANG_ANALYZER_NONNULL = YES;
				CLANG_ANALYZER_NUMBER_OBJECT_CONVERSION = YES_AGGRESSIVE;
				CLANG_CXX_LANGUAGE_STANDARD = "gnu++20";
				CLANG_ENABLE_MODULES = YES;
				CLANG_ENABLE_OBJC_ARC = YES;
				CLANG_ENABLE_OBJC_WEAK = YES;
				CLANG_WARN_BLOCK_CAPTURE_AUTORELEASING = YES;
				CLANG_WARN_BOOL_CONVERSION = YES;
				CLANG_WARN_COMMA = YES;
				CLANG_WARN_CONSTANT_CONVERSION = YES;
				CLANG_WARN_DEPRECATED_OBJC_IMPLEMENTATIONS = YES;
				CLANG_WARN_DIRECT_OBJC_ISA_USAGE = YES_ERROR;
				CLANG_WARN_DOCUMENTATION_COMMENTS = YES;
				CLANG_WARN_EMPTY_BODY = YES;
				CLANG_WARN_ENUM_CONVERSION = YES;
				CLANG_WARN_INFINITE_RECURSION = YES;
				CLANG_WARN_INT_CONVERSION = YES;
				CLANG_WARN_NON_LITERAL_NULL_CONVERSION = YES;
				CLANG_WARN_OBJC_IMPLICIT_RETAIN_SELF = YES;
				CLANG_WARN_OBJC_LITERAL_CONVERSION = YES;
				CLANG_WARN_OBJC_ROOT_CLASS = YES_ERROR;
				CLANG_WARN_QUOTED_INCLUDE_IN_FRAMEWORK_HEADER = YES;
				CLANG_WARN_RANGE_LOOP_ANALYSIS = YES;
				CLANG_WARN_STRICT_PROTOTYPES = YES;
				CLANG_WARN_SUSPICIOUS_MOVE = YES;
				CLANG_WARN_UNGUARDED_AVAILABILITY = YES_AGGRESSIVE;
				CLANG_WARN_UNREACHABLE_CODE = YES;
				CLANG_WARN__DUPLICATE_METHOD_MATCH = YES;
				COPY_PHASE_STRIP = NO;
				DEBUG_INFORMATION_FORMAT = dwarf;
				ENABLE_STRICT_OBJC_MSGSEND = YES;
				ENABLE_TESTABILITY = YES;
				ENABLE_USER_SCRIPT_SANDBOXING = YES;
				GCC_C_LANGUAGE_STANDARD = gnu17;
				GCC_DYNAMIC_NO_PIC = NO;
				GCC_NO_COMMON_BLOCKS = YES;
				GCC_OPTIMIZATION_LEVEL = 0;
				GCC_PREPROCESSOR_DEFINITIONS = (
					"DEBUG=1",
					"$(inherited)",
				);
				GCC_WARN_64_TO_32_BIT_CONVERSION = YES;
				GCC_WARN_ABOUT_RETURN_TYPE = YES_ERROR;
				GCC_WARN_UNDECLARED_SELECTOR = YES;
				GCC_WARN_UNINITIALIZED_AUTOS = YES_AGGRESSIVE;
				GCC_WARN_UNUSED_FUNCTION = YES;
				GCC_WARN_UNUSED_VARIABLE = YES;
				IPHONEOS_DEPLOYMENT_TARGET = 16.4;
				LOCALIZATION_PREFERS_STRING_CATALOGS = YES;
				MTL_ENABLE_DEBUG_INFO = INCLUDE_SOURCE;
				MTL_FAST_MATH = YES;
				ONLY_ACTIVE_ARCH = YES;
				SDKROOT = iphoneos;
				SWIFT_ACTIVE_COMPILATION_CONDITIONS = "DEBUG $(inherited)";
				SWIFT_OPTIMIZATION_LEVEL = "-Onone";
			};
			name = Debug;
		};
		B33F834D2CE63DA300D33A0D /* Release */ = {
			isa = XCBuildConfiguration;
			buildSettings = {
				ALWAYS_SEARCH_USER_PATHS = NO;
				ASSETCATALOG_COMPILER_GENERATE_SWIFT_ASSET_SYMBOL_EXTENSIONS = YES;
				CLANG_ANALYZER_NONNULL = YES;
				CLANG_ANALYZER_NUMBER_OBJECT_CONVERSION = YES_AGGRESSIVE;
				CLANG_CXX_LANGUAGE_STANDARD = "gnu++20";
				CLANG_ENABLE_MODULES = YES;
				CLANG_ENABLE_OBJC_ARC = YES;
				CLANG_ENABLE_OBJC_WEAK = YES;
				CLANG_WARN_BLOCK_CAPTURE_AUTORELEASING = YES;
				CLANG_WARN_BOOL_CONVERSION = YES;
				CLANG_WARN_COMMA = YES;
				CLANG_WARN_CONSTANT_CONVERSION = YES;
				CLANG_WARN_DEPRECATED_OBJC_IMPLEMENTATIONS = YES;
				CLANG_WARN_DIRECT_OBJC_ISA_USAGE = YES_ERROR;
				CLANG_WARN_DOCUMENTATION_COMMENTS = YES;
				CLANG_WARN_EMPTY_BODY = YES;
				CLANG_WARN_ENUM_CONVERSION = YES;
				CLANG_WARN_INFINITE_RECURSION = YES;
				CLANG_WARN_INT_CONVERSION = YES;
				CLANG_WARN_NON_LITERAL_NULL_CONVERSION = YES;
				CLANG_WARN_OBJC_IMPLICIT_RETAIN_SELF = YES;
				CLANG_WARN_OBJC_LITERAL_CONVERSION = YES;
				CLANG_WARN_OBJC_ROOT_CLASS = YES_ERROR;
				CLANG_WARN_QUOTED_INCLUDE_IN_FRAMEWORK_HEADER = YES;
				CLANG_WARN_RANGE_LOOP_ANALYSIS = YES;
				CLANG_WARN_STRICT_PROTOTYPES = YES;
				CLANG_WARN_SUSPICIOUS_MOVE = YES;
				CLANG_WARN_UNGUARDED_AVAILABILITY = YES_AGGRESSIVE;
				CLANG_WARN_UNREACHABLE_CODE = YES;
				CLANG_WARN__DUPLICATE_METHOD_MATCH = YES;
				COPY_PHASE_STRIP = NO;
				DEBUG_INFORMATION_FORMAT = "dwarf-with-dsym";
				ENABLE_NS_ASSERTIONS = NO;
				ENABLE_STRICT_OBJC_MSGSEND = YES;
				ENABLE_USER_SCRIPT_SANDBOXING = YES;
				GCC_C_LANGUAGE_STANDARD = gnu17;
				GCC_NO_COMMON_BLOCKS = YES;
				GCC_WARN_64_TO_32_BIT_CONVERSION = YES;
				GCC_WARN_ABOUT_RETURN_TYPE = YES_ERROR;
				GCC_WARN_UNDECLARED_SELECTOR = YES;
				GCC_WARN_UNINITIALIZED_AUTOS = YES_AGGRESSIVE;
				GCC_WARN_UNUSED_FUNCTION = YES;
				GCC_WARN_UNUSED_VARIABLE = YES;
				IPHONEOS_DEPLOYMENT_TARGET = 16.4;
				LOCALIZATION_PREFERS_STRING_CATALOGS = YES;
				MTL_ENABLE_DEBUG_INFO = NO;
				MTL_FAST_MATH = YES;
				SDKROOT = iphoneos;
				SWIFT_COMPILATION_MODE = wholemodule;
				VALIDATE_PRODUCT = YES;
			};
			name = Release;
		};
		B33F834F2CE63DA300D33A0D /* Debug */ = {
			isa = XCBuildConfiguration;
			buildSettings = {
				ASSETCATALOG_COMPILER_APPICON_NAME = AppIcon;
				ASSETCATALOG_COMPILER_GLOBAL_ACCENT_COLOR_NAME = AccentColor;
				CODE_SIGN_STYLE = Automatic;
				CURRENT_PROJECT_VERSION = 1;
				DEVELOPMENT_ASSET_PATHS = "\"AnshinNavi/Preview Content\"";
				DEVELOPMENT_TEAM = 5W85326XZZ;
				ENABLE_PREVIEWS = YES;
				GENERATE_INFOPLIST_FILE = YES;
				INFOPLIST_FILE = AnshinNavi/Info.plist;
				INFOPLIST_KEY_NSLocationAlwaysUsageDescription = "安心ナビを使用するには位置情報を取得する必要があります。";
				INFOPLIST_KEY_NSLocationWhenInUseUsageDescription = "安心ナビを使用するには位置情報を取得する必要があります。";
				INFOPLIST_KEY_UIApplicationSceneManifest_Generation = YES;
				INFOPLIST_KEY_UIApplicationSupportsIndirectInputEvents = YES;
				INFOPLIST_KEY_UILaunchScreen_Generation = YES;
				INFOPLIST_KEY_UISupportedInterfaceOrientations_iPad = "UIInterfaceOrientationPortrait UIInterfaceOrientationPortraitUpsideDown UIInterfaceOrientationLandscapeLeft UIInterfaceOrientationLandscapeRight";
				INFOPLIST_KEY_UISupportedInterfaceOrientations_iPhone = "UIInterfaceOrientationPortrait UIInterfaceOrientationLandscapeLeft UIInterfaceOrientationLandscapeRight";
				IPHONEOS_DEPLOYMENT_TARGET = 16.4;
				LD_RUNPATH_SEARCH_PATHS = (
					"$(inherited)",
					"@executable_path/Frameworks",
				);
				MARKETING_VERSION = 1.0;
				NEW_SETTING = "";
				PRODUCT_BUNDLE_IDENTIFIER = "com.youngjune-kang.AnshinNavi";
				PRODUCT_NAME = "$(TARGET_NAME)";
				SWIFT_EMIT_LOC_STRINGS = YES;
				SWIFT_VERSION = 5.0;
				TARGETED_DEVICE_FAMILY = "1,2";
			};
			name = Debug;
		};
		B33F83502CE63DA300D33A0D /* Release */ = {
			isa = XCBuildConfiguration;
			buildSettings = {
				ASSETCATALOG_COMPILER_APPICON_NAME = AppIcon;
				ASSETCATALOG_COMPILER_GLOBAL_ACCENT_COLOR_NAME = AccentColor;
				CODE_SIGN_STYLE = Automatic;
				CURRENT_PROJECT_VERSION = 1;
				DEVELOPMENT_ASSET_PATHS = "\"AnshinNavi/Preview Content\"";
				DEVELOPMENT_TEAM = 5W85326XZZ;
				ENABLE_PREVIEWS = YES;
				GENERATE_INFOPLIST_FILE = YES;
				INFOPLIST_FILE = AnshinNavi/Info.plist;
				INFOPLIST_KEY_NSLocationAlwaysUsageDescription = "安心ナビを使用するには位置情報を取得する必要があります。";
				INFOPLIST_KEY_NSLocationWhenInUseUsageDescription = "安心ナビを使用するには位置情報を取得する必要があります。";
				INFOPLIST_KEY_UIApplicationSceneManifest_Generation = YES;
				INFOPLIST_KEY_UIApplicationSupportsIndirectInputEvents = YES;
				INFOPLIST_KEY_UILaunchScreen_Generation = YES;
				INFOPLIST_KEY_UISupportedInterfaceOrientations_iPad = "UIInterfaceOrientationPortrait UIInterfaceOrientationPortraitUpsideDown UIInterfaceOrientationLandscapeLeft UIInterfaceOrientationLandscapeRight";
				INFOPLIST_KEY_UISupportedInterfaceOrientations_iPhone = "UIInterfaceOrientationPortrait UIInterfaceOrientationLandscapeLeft UIInterfaceOrientationLandscapeRight";
				IPHONEOS_DEPLOYMENT_TARGET = 16.4;
				LD_RUNPATH_SEARCH_PATHS = (
					"$(inherited)",
					"@executable_path/Frameworks",
				);
				MARKETING_VERSION = 1.0;
				NEW_SETTING = "";
				PRODUCT_BUNDLE_IDENTIFIER = "com.youngjune-kang.AnshinNavi";
				PRODUCT_NAME = "$(TARGET_NAME)";
				SWIFT_EMIT_LOC_STRINGS = YES;
				SWIFT_VERSION = 5.0;
				TARGETED_DEVICE_FAMILY = "1,2";
			};
			name = Release;
		};
		B33F83522CE63DA300D33A0D /* Debug */ = {
			isa = XCBuildConfiguration;
			buildSettings = {
				ALWAYS_EMBED_SWIFT_STANDARD_LIBRARIES = YES;
				BUNDLE_LOADER = "$(TEST_HOST)";
				"CODE_SIGN_IDENTITY[sdk=macosx*]" = "Apple Development";
				CODE_SIGN_STYLE = Automatic;
				CURRENT_PROJECT_VERSION = 1;
				GENERATE_INFOPLIST_FILE = YES;
				IPHONEOS_DEPLOYMENT_TARGET = 16.4;
				MARKETING_VERSION = 1.0;
				PRODUCT_BUNDLE_IDENTIFIER = "com.youngjune-kang.AnshinNaviTests";
				PRODUCT_NAME = "$(TARGET_NAME)";
				SWIFT_EMIT_LOC_STRINGS = NO;
				SWIFT_VERSION = 5.0;
				TARGETED_DEVICE_FAMILY = "1,2";
				TEST_HOST = "$(BUILT_PRODUCTS_DIR)/AnshinNavi.app/$(BUNDLE_EXECUTABLE_FOLDER_PATH)/AnshinNavi";
			};
			name = Debug;
		};
		B33F83532CE63DA300D33A0D /* Release */ = {
			isa = XCBuildConfiguration;
			buildSettings = {
				ALWAYS_EMBED_SWIFT_STANDARD_LIBRARIES = YES;
				BUNDLE_LOADER = "$(TEST_HOST)";
				"CODE_SIGN_IDENTITY[sdk=macosx*]" = "Apple Development";
				CODE_SIGN_STYLE = Automatic;
				CURRENT_PROJECT_VERSION = 1;
				GENERATE_INFOPLIST_FILE = YES;
				IPHONEOS_DEPLOYMENT_TARGET = 16.4;
				MARKETING_VERSION = 1.0;
				PRODUCT_BUNDLE_IDENTIFIER = "com.youngjune-kang.AnshinNaviTests";
				PRODUCT_NAME = "$(TARGET_NAME)";
				SWIFT_EMIT_LOC_STRINGS = NO;
				SWIFT_VERSION = 5.0;
				TARGETED_DEVICE_FAMILY = "1,2";
				TEST_HOST = "$(BUILT_PRODUCTS_DIR)/AnshinNavi.app/$(BUNDLE_EXECUTABLE_FOLDER_PATH)/AnshinNavi";
			};
			name = Release;
		};
		B33F83552CE63DA300D33A0D /* Debug */ = {
			isa = XCBuildConfiguration;
			buildSettings = {
				ALWAYS_EMBED_SWIFT_STANDARD_LIBRARIES = YES;
				CODE_SIGN_STYLE = Automatic;
				CURRENT_PROJECT_VERSION = 1;
				GENERATE_INFOPLIST_FILE = YES;
				IPHONEOS_DEPLOYMENT_TARGET = 16.4;
				MARKETING_VERSION = 1.0;
				PRODUCT_BUNDLE_IDENTIFIER = "com.youngjune-kang.AnshinNaviUITests";
				PRODUCT_NAME = "$(TARGET_NAME)";
				SWIFT_EMIT_LOC_STRINGS = NO;
				SWIFT_VERSION = 5.0;
				TARGETED_DEVICE_FAMILY = "1,2";
				TEST_TARGET_NAME = AnshinNavi;
			};
			name = Debug;
		};
		B33F83562CE63DA300D33A0D /* Release */ = {
			isa = XCBuildConfiguration;
			buildSettings = {
				ALWAYS_EMBED_SWIFT_STANDARD_LIBRARIES = YES;
				CODE_SIGN_STYLE = Automatic;
				CURRENT_PROJECT_VERSION = 1;
				GENERATE_INFOPLIST_FILE = YES;
				IPHONEOS_DEPLOYMENT_TARGET = 16.4;
				MARKETING_VERSION = 1.0;
				PRODUCT_BUNDLE_IDENTIFIER = "com.youngjune-kang.AnshinNaviUITests";
				PRODUCT_NAME = "$(TARGET_NAME)";
				SWIFT_EMIT_LOC_STRINGS = NO;
				SWIFT_VERSION = 5.0;
				TARGETED_DEVICE_FAMILY = "1,2";
				TEST_TARGET_NAME = AnshinNavi;
			};
			name = Release;
		};
/* End XCBuildConfiguration section */

/* Begin XCConfigurationList section */
		B33F83232CE63DA200D33A0D /* Build configuration list for PBXProject "AnshinNavi" */ = {
			isa = XCConfigurationList;
			buildConfigurations = (
				B33F834C2CE63DA300D33A0D /* Debug */,
				B33F834D2CE63DA300D33A0D /* Release */,
			);
			defaultConfigurationIsVisible = 0;
			defaultConfigurationName = Release;
		};
		B33F834E2CE63DA300D33A0D /* Build configuration list for PBXNativeTarget "AnshinNavi" */ = {
			isa = XCConfigurationList;
			buildConfigurations = (
				B33F834F2CE63DA300D33A0D /* Debug */,
				B33F83502CE63DA300D33A0D /* Release */,
			);
			defaultConfigurationIsVisible = 0;
			defaultConfigurationName = Release;
		};
		B33F83512CE63DA300D33A0D /* Build configuration list for PBXNativeTarget "AnshinNaviTests" */ = {
			isa = XCConfigurationList;
			buildConfigurations = (
				B33F83522CE63DA300D33A0D /* Debug */,
				B33F83532CE63DA300D33A0D /* Release */,
			);
			defaultConfigurationIsVisible = 0;
			defaultConfigurationName = Release;
		};
		B33F83542CE63DA300D33A0D /* Build configuration list for PBXNativeTarget "AnshinNaviUITests" */ = {
			isa = XCConfigurationList;
			buildConfigurations = (
				B33F83552CE63DA300D33A0D /* Debug */,
				B33F83562CE63DA300D33A0D /* Release */,
			);
			defaultConfigurationIsVisible = 0;
			defaultConfigurationName = Release;
		};
/* End XCConfigurationList section */
	};
	rootObject = B33F83202CE63DA200D33A0D /* Project object */;
}
